// !$*UTF8*$!
{
	archiveVersion = 1;
	classes = {
	};
	objectVersion = 46;
	objects = {

/* Begin PBXBuildFile section */
		4258FF9C1E077BE700765FE5 /* AppCanKit.framework in Frameworks */ = {isa = PBXBuildFile; fileRef = 4258FF9B1E077BE700765FE5 /* AppCanKit.framework */; };
		4258FFA01E07ADA300765FE5 /* uexAliPayOrder.m in Sources */ = {isa = PBXBuildFile; fileRef = 4258FF9F1E07ADA300765FE5 /* uexAliPayOrder.m */; };
		4258FFAC1E07C6E400765FE5 /* AlipaySDK.framework in Frameworks */ = {isa = PBXBuildFile; fileRef = 4258FFAB1E07C6E400765FE5 /* AlipaySDK.framework */; };
		4258FFB21E07C72D00765FE5 /* AlipaySDK.framework in CopyFiles */ = {isa = PBXBuildFile; fileRef = 4258FFAB1E07C6E400765FE5 /* AlipaySDK.framework */; };
		4258FFB31E08D3EF00765FE5 /* AlipaySDK.bundle in CopyFiles */ = {isa = PBXBuildFile; fileRef = 4258FFAA1E07C6E400765FE5 /* AlipaySDK.bundle */; };
		429E86081E0B6E8200DFB0E8 /* openssl.framework in Frameworks */ = {isa = PBXBuildFile; fileRef = 429E86071E0B6E8200DFB0E8 /* openssl.framework */; };
		429E86351E0B6F2B00DFB0E8 /* base64.m in Sources */ = {isa = PBXBuildFile; fileRef = 429E86251E0B6F2B00DFB0E8 /* base64.m */; };
		429E86361E0B6F2B00DFB0E8 /* DataSigner.m in Sources */ = {isa = PBXBuildFile; fileRef = 429E86281E0B6F2B00DFB0E8 /* DataSigner.m */; };
		429E86371E0B6F2B00DFB0E8 /* DataVerifier.m in Sources */ = {isa = PBXBuildFile; fileRef = 429E862A1E0B6F2B00DFB0E8 /* DataVerifier.m */; };
		429E86381E0B6F2B00DFB0E8 /* MD5DataSigner.m in Sources */ = {isa = PBXBuildFile; fileRef = 429E862C1E0B6F2B00DFB0E8 /* MD5DataSigner.m */; };
		429E86391E0B6F2B00DFB0E8 /* NSDataEx.m in Sources */ = {isa = PBXBuildFile; fileRef = 429E862E1E0B6F2B00DFB0E8 /* NSDataEx.m */; };
		429E863A1E0B6F2B00DFB0E8 /* openssl_wrapper.m in Sources */ = {isa = PBXBuildFile; fileRef = 429E86301E0B6F2B00DFB0E8 /* openssl_wrapper.m */; };
		429E863B1E0B6F2B00DFB0E8 /* RSADataSigner.m in Sources */ = {isa = PBXBuildFile; fileRef = 429E86321E0B6F2B00DFB0E8 /* RSADataSigner.m */; };
		429E863C1E0B6F2B00DFB0E8 /* RSADataVerifier.m in Sources */ = {isa = PBXBuildFile; fileRef = 429E86341E0B6F2B00DFB0E8 /* RSADataVerifier.m */; };
		429E86431E0B82E300DFB0E8 /* openssl.framework in CopyFiles */ = {isa = PBXBuildFile; fileRef = 429E86071E0B6E8200DFB0E8 /* openssl.framework */; };
		F7D4D01F1A70E704007BC1C8 /* EUExAliPay.m in Sources */ = {isa = PBXBuildFile; fileRef = F7D4D01E1A70E704007BC1C8 /* EUExAliPay.m */; settings = {COMPILER_FLAGS = "-fobjc-arc"; }; };
/* End PBXBuildFile section */

/* Begin PBXCopyFilesBuildPhase section */
		F7D4D0171A70E704007BC1C8 /* CopyFiles */ = {
			isa = PBXCopyFilesBuildPhase;
			buildActionMask = 2147483647;
			dstPath = $SRCROOT/uexAliPay;
			dstSubfolderSpec = 0;
			files = (
				429E86431E0B82E300DFB0E8 /* openssl.framework in CopyFiles */,
				4258FFB31E08D3EF00765FE5 /* AlipaySDK.bundle in CopyFiles */,
				4258FFB21E07C72D00765FE5 /* AlipaySDK.framework in CopyFiles */,
			);
			runOnlyForDeploymentPostprocessing = 0;
		};
/* End PBXCopyFilesBuildPhase section */

/* Begin PBXFileReference section */
		4258FF9B1E077BE700765FE5 /* AppCanKit.framework */ = {isa = PBXFileReference; lastKnownFileType = wrapper.framework; path = AppCanKit.framework; sourceTree = "<group>"; };
		4258FF9E1E07ADA300765FE5 /* uexAliPayOrder.h */ = {isa = PBXFileReference; fileEncoding = 4; lastKnownFileType = sourcecode.c.h; path = uexAliPayOrder.h; sourceTree = "<group>"; };
		4258FF9F1E07ADA300765FE5 /* uexAliPayOrder.m */ = {isa = PBXFileReference; fileEncoding = 4; lastKnownFileType = sourcecode.c.objc; path = uexAliPayOrder.m; sourceTree = "<group>"; };
		4258FFAA1E07C6E400765FE5 /* AlipaySDK.bundle */ = {isa = PBXFileReference; lastKnownFileType = "wrapper.plug-in"; path = AlipaySDK.bundle; sourceTree = "<group>"; };
		4258FFAB1E07C6E400765FE5 /* AlipaySDK.framework */ = {isa = PBXFileReference; lastKnownFileType = wrapper.framework; path = AlipaySDK.framework; sourceTree = "<group>"; };
		429E86071E0B6E8200DFB0E8 /* openssl.framework */ = {isa = PBXFileReference; lastKnownFileType = wrapper.framework; path = openssl.framework; sourceTree = "<group>"; };
		429E86241E0B6F2B00DFB0E8 /* base64.h */ = {isa = PBXFileReference; fileEncoding = 4; lastKnownFileType = sourcecode.c.h; path = base64.h; sourceTree = "<group>"; };
		429E86251E0B6F2B00DFB0E8 /* base64.m */ = {isa = PBXFileReference; fileEncoding = 4; lastKnownFileType = sourcecode.c.objc; path = base64.m; sourceTree = "<group>"; };
		429E86261E0B6F2B00DFB0E8 /* config.h */ = {isa = PBXFileReference; fileEncoding = 4; lastKnownFileType = sourcecode.c.h; path = config.h; sourceTree = "<group>"; };
		429E86271E0B6F2B00DFB0E8 /* DataSigner.h */ = {isa = PBXFileReference; fileEncoding = 4; lastKnownFileType = sourcecode.c.h; path = DataSigner.h; sourceTree = "<group>"; };
		429E86281E0B6F2B00DFB0E8 /* DataSigner.m */ = {isa = PBXFileReference; fileEncoding = 4; lastKnownFileType = sourcecode.c.objc; path = DataSigner.m; sourceTree = "<group>"; };
		429E86291E0B6F2B00DFB0E8 /* DataVerifier.h */ = {isa = PBXFileReference; fileEncoding = 4; lastKnownFileType = sourcecode.c.h; path = DataVerifier.h; sourceTree = "<group>"; };
		429E862A1E0B6F2B00DFB0E8 /* DataVerifier.m */ = {isa = PBXFileReference; fileEncoding = 4; lastKnownFileType = sourcecode.c.objc; path = DataVerifier.m; sourceTree = "<group>"; };
		429E862B1E0B6F2B00DFB0E8 /* MD5DataSigner.h */ = {isa = PBXFileReference; fileEncoding = 4; lastKnownFileType = sourcecode.c.h; path = MD5DataSigner.h; sourceTree = "<group>"; };
		429E862C1E0B6F2B00DFB0E8 /* MD5DataSigner.m */ = {isa = PBXFileReference; fileEncoding = 4; lastKnownFileType = sourcecode.c.objc; path = MD5DataSigner.m; sourceTree = "<group>"; };
		429E862D1E0B6F2B00DFB0E8 /* NSDataEx.h */ = {isa = PBXFileReference; fileEncoding = 4; lastKnownFileType = sourcecode.c.h; path = NSDataEx.h; sourceTree = "<group>"; };
		429E862E1E0B6F2B00DFB0E8 /* NSDataEx.m */ = {isa = PBXFileReference; fileEncoding = 4; lastKnownFileType = sourcecode.c.objc; path = NSDataEx.m; sourceTree = "<group>"; };
		429E862F1E0B6F2B00DFB0E8 /* openssl_wrapper.h */ = {isa = PBXFileReference; fileEncoding = 4; lastKnownFileType = sourcecode.c.h; path = openssl_wrapper.h; sourceTree = "<group>"; };
		429E86301E0B6F2B00DFB0E8 /* openssl_wrapper.m */ = {isa = PBXFileReference; fileEncoding = 4; lastKnownFileType = sourcecode.c.objc; path = openssl_wrapper.m; sourceTree = "<group>"; };
		429E86311E0B6F2B00DFB0E8 /* RSADataSigner.h */ = {isa = PBXFileReference; fileEncoding = 4; lastKnownFileType = sourcecode.c.h; path = RSADataSigner.h; sourceTree = "<group>"; };
		429E86321E0B6F2B00DFB0E8 /* RSADataSigner.m */ = {isa = PBXFileReference; fileEncoding = 4; lastKnownFileType = sourcecode.c.objc; path = RSADataSigner.m; sourceTree = "<group>"; };
		429E86331E0B6F2B00DFB0E8 /* RSADataVerifier.h */ = {isa = PBXFileReference; fileEncoding = 4; lastKnownFileType = sourcecode.c.h; path = RSADataVerifier.h; sourceTree = "<group>"; };
		429E86341E0B6F2B00DFB0E8 /* RSADataVerifier.m */ = {isa = PBXFileReference; fileEncoding = 4; lastKnownFileType = sourcecode.c.objc; path = RSADataVerifier.m; sourceTree = "<group>"; };
		F7D4D0191A70E704007BC1C8 /* libuexAliPay.a */ = {isa = PBXFileReference; explicitFileType = archive.ar; includeInIndex = 0; path = libuexAliPay.a; sourceTree = BUILT_PRODUCTS_DIR; };
		F7D4D01C1A70E704007BC1C8 /* EUExAliPay.h */ = {isa = PBXFileReference; lastKnownFileType = sourcecode.c.h; path = EUExAliPay.h; sourceTree = "<group>"; };
		F7D4D01E1A70E704007BC1C8 /* EUExAliPay.m */ = {isa = PBXFileReference; lastKnownFileType = sourcecode.c.objc; path = EUExAliPay.m; sourceTree = "<group>"; };
/* End PBXFileReference section */

/* Begin PBXFrameworksBuildPhase section */
		F7D4D0161A70E704007BC1C8 /* Frameworks */ = {
			isa = PBXFrameworksBuildPhase;
			buildActionMask = 2147483647;
			files = (
				429E86081E0B6E8200DFB0E8 /* openssl.framework in Frameworks */,
				4258FFAC1E07C6E400765FE5 /* AlipaySDK.framework in Frameworks */,
				4258FF9C1E077BE700765FE5 /* AppCanKit.framework in Frameworks */,
			);
			runOnlyForDeploymentPostprocessing = 0;
		};
/* End PBXFrameworksBuildPhase section */

/* Begin PBXGroup section */
		429E86231E0B6F2B00DFB0E8 /* Util */ = {
			isa = PBXGroup;
			children = (
				429E86241E0B6F2B00DFB0E8 /* base64.h */,
				429E86251E0B6F2B00DFB0E8 /* base64.m */,
				429E86261E0B6F2B00DFB0E8 /* config.h */,
				429E86271E0B6F2B00DFB0E8 /* DataSigner.h */,
				429E86281E0B6F2B00DFB0E8 /* DataSigner.m */,
				429E86291E0B6F2B00DFB0E8 /* DataVerifier.h */,
				429E862A1E0B6F2B00DFB0E8 /* DataVerifier.m */,
				429E862B1E0B6F2B00DFB0E8 /* MD5DataSigner.h */,
				429E862C1E0B6F2B00DFB0E8 /* MD5DataSigner.m */,
				429E862D1E0B6F2B00DFB0E8 /* NSDataEx.h */,
				429E862E1E0B6F2B00DFB0E8 /* NSDataEx.m */,
				429E862F1E0B6F2B00DFB0E8 /* openssl_wrapper.h */,
				429E86301E0B6F2B00DFB0E8 /* openssl_wrapper.m */,
				429E86311E0B6F2B00DFB0E8 /* RSADataSigner.h */,
				429E86321E0B6F2B00DFB0E8 /* RSADataSigner.m */,
				429E86331E0B6F2B00DFB0E8 /* RSADataVerifier.h */,
				429E86341E0B6F2B00DFB0E8 /* RSADataVerifier.m */,
			);
			path = Util;
			sourceTree = "<group>";
		};
		F7D4D0101A70E704007BC1C8 = {
			isa = PBXGroup;
			children = (
				F7D4D01B1A70E704007BC1C8 /* EUExAliPay */,
				F7D4D01A1A70E704007BC1C8 /* Products */,
			);
			sourceTree = "<group>";
		};
		F7D4D01A1A70E704007BC1C8 /* Products */ = {
			isa = PBXGroup;
			children = (
				F7D4D0191A70E704007BC1C8 /* libuexAliPay.a */,
			);
			name = Products;
			sourceTree = "<group>";
		};
		F7D4D01B1A70E704007BC1C8 /* EUExAliPay */ = {
			isa = PBXGroup;
			children = (
				F7D4D1D31A70EA77007BC1C8 /* sourceCode */,
				F7D4D01C1A70E704007BC1C8 /* EUExAliPay.h */,
				F7D4D01E1A70E704007BC1C8 /* EUExAliPay.m */,
			);
			path = EUExAliPay;
			sourceTree = "<group>";
		};
		F7D4D1D31A70EA77007BC1C8 /* sourceCode */ = {
			isa = PBXGroup;
			children = (
				429E86231E0B6F2B00DFB0E8 /* Util */,
				429E86071E0B6E8200DFB0E8 /* openssl.framework */,
				4258FFAA1E07C6E400765FE5 /* AlipaySDK.bundle */,
				4258FFAB1E07C6E400765FE5 /* AlipaySDK.framework */,
				4258FF9B1E077BE700765FE5 /* AppCanKit.framework */,
				4258FF9E1E07ADA300765FE5 /* uexAliPayOrder.h */,
				4258FF9F1E07ADA300765FE5 /* uexAliPayOrder.m */,
			);
			path = sourceCode;
			sourceTree = "<group>";
		};
/* End PBXGroup section */

/* Begin PBXNativeTarget section */
		F7D4D0181A70E704007BC1C8 /* EUExAliPay */ = {
			isa = PBXNativeTarget;
			buildConfigurationList = F7D4D02D1A70E704007BC1C8 /* Build configuration list for PBXNativeTarget "EUExAliPay" */;
			buildPhases = (
				F7D4D0151A70E704007BC1C8 /* Sources */,
				F7D4D0161A70E704007BC1C8 /* Frameworks */,
				F7D4D0171A70E704007BC1C8 /* CopyFiles */,
			);
			buildRules = (
			);
			dependencies = (
			);
			name = EUExAliPay;
			productName = EUExAliPay;
			productReference = F7D4D0191A70E704007BC1C8 /* libuexAliPay.a */;
			productType = "com.apple.product-type.library.static";
		};
/* End PBXNativeTarget section */

/* Begin PBXProject section */
		F7D4D0111A70E704007BC1C8 /* Project object */ = {
			isa = PBXProject;
			attributes = {
				LastUpgradeCheck = 0810;
				ORGANIZATIONNAME = AppCan.can;
				TargetAttributes = {
					F7D4D0181A70E704007BC1C8 = {
						CreatedOnToolsVersion = 6.1;
					};
				};
			};
			buildConfigurationList = F7D4D0141A70E704007BC1C8 /* Build configuration list for PBXProject "EUExAliPay" */;
			compatibilityVersion = "Xcode 3.2";
			developmentRegion = English;
			hasScannedForEncodings = 0;
			knownRegions = (
				en,
			);
			mainGroup = F7D4D0101A70E704007BC1C8;
			productRefGroup = F7D4D01A1A70E704007BC1C8 /* Products */;
			projectDirPath = "";
			projectRoot = "";
			targets = (
				F7D4D0181A70E704007BC1C8 /* EUExAliPay */,
			);
		};
/* End PBXProject section */

/* Begin PBXSourcesBuildPhase section */
		F7D4D0151A70E704007BC1C8 /* Sources */ = {
			isa = PBXSourcesBuildPhase;
			buildActionMask = 2147483647;
			files = (
				429E863C1E0B6F2B00DFB0E8 /* RSADataVerifier.m in Sources */,
				429E863A1E0B6F2B00DFB0E8 /* openssl_wrapper.m in Sources */,
				429E86371E0B6F2B00DFB0E8 /* DataVerifier.m in Sources */,
				429E86351E0B6F2B00DFB0E8 /* base64.m in Sources */,
				429E86391E0B6F2B00DFB0E8 /* NSDataEx.m in Sources */,
				429E86361E0B6F2B00DFB0E8 /* DataSigner.m in Sources */,
				4258FFA01E07ADA300765FE5 /* uexAliPayOrder.m in Sources */,
				429E863B1E0B6F2B00DFB0E8 /* RSADataSigner.m in Sources */,
				429E86381E0B6F2B00DFB0E8 /* MD5DataSigner.m in Sources */,
				F7D4D01F1A70E704007BC1C8 /* EUExAliPay.m in Sources */,
			);
			runOnlyForDeploymentPostprocessing = 0;
		};
/* End PBXSourcesBuildPhase section */

/* Begin XCBuildConfiguration section */
		F7D4D02B1A70E704007BC1C8 /* Debug */ = {
			isa = XCBuildConfiguration;
			buildSettings = {
				ALWAYS_SEARCH_USER_PATHS = NO;
				CLANG_CXX_LANGUAGE_STANDARD = "gnu++0x";
				CLANG_CXX_LIBRARY = "libc++";
				CLANG_ENABLE_MODULES = YES;
				CLANG_ENABLE_OBJC_ARC = NO;
				CLANG_WARN_BOOL_CONVERSION = YES;
				CLANG_WARN_CONSTANT_CONVERSION = YES;
				CLANG_WARN_DIRECT_OBJC_ISA_USAGE = YES_ERROR;
				CLANG_WARN_EMPTY_BODY = YES;
				CLANG_WARN_ENUM_CONVERSION = YES;
				CLANG_WARN_INFINITE_RECURSION = YES;
				CLANG_WARN_INT_CONVERSION = YES;
				CLANG_WARN_OBJC_ROOT_CLASS = YES_ERROR;
				CLANG_WARN_SUSPICIOUS_MOVE = YES;
				CLANG_WARN_UNREACHABLE_CODE = YES;
				CLANG_WARN__DUPLICATE_METHOD_MATCH = YES;
				CONFIGURATION_BUILD_DIR = "$(SRCROOT)/uexAliPay";
				COPY_PHASE_STRIP = NO;
				ENABLE_STRICT_OBJC_MSGSEND = YES;
				ENABLE_TESTABILITY = YES;
				GCC_C_LANGUAGE_STANDARD = gnu99;
				GCC_DYNAMIC_NO_PIC = NO;
				GCC_NO_COMMON_BLOCKS = YES;
				GCC_OPTIMIZATION_LEVEL = 0;
				GCC_PREPROCESSOR_DEFINITIONS = (
					"DEBUG=1",
					"$(inherited)",
				);
				GCC_SYMBOLS_PRIVATE_EXTERN = NO;
				GCC_WARN_64_TO_32_BIT_CONVERSION = YES;
				GCC_WARN_ABOUT_RETURN_TYPE = YES_ERROR;
				GCC_WARN_UNDECLARED_SELECTOR = YES;
				GCC_WARN_UNINITIALIZED_AUTOS = YES_AGGRESSIVE;
				GCC_WARN_UNUSED_FUNCTION = YES;
				GCC_WARN_UNUSED_VARIABLE = YES;
				HEADER_SEARCH_PATHS = "$(SRCROOT)/EUExAliPay/";
				IPHONEOS_DEPLOYMENT_TARGET = 8.0;
				LIBRARY_SEARCH_PATHS = "";
				MTL_ENABLE_DEBUG_INFO = YES;
				ONLY_ACTIVE_ARCH = NO;
				PRODUCT_NAME = uexAliPay;
				SDKROOT = iphoneos;
				VALID_ARCHS = "arm64 armv7s armv7";
			};
			name = Debug;
		};
		F7D4D02C1A70E704007BC1C8 /* Release */ = {
			isa = XCBuildConfiguration;
			buildSettings = {
				ALWAYS_SEARCH_USER_PATHS = NO;
				CLANG_CXX_LANGUAGE_STANDARD = "gnu++0x";
				CLANG_CXX_LIBRARY = "libc++";
				CLANG_ENABLE_MODULES = YES;
				CLANG_ENABLE_OBJC_ARC = NO;
				CLANG_WARN_BOOL_CONVERSION = YES;
				CLANG_WARN_CONSTANT_CONVERSION = YES;
				CLANG_WARN_DIRECT_OBJC_ISA_USAGE = YES_ERROR;
				CLANG_WARN_EMPTY_BODY = YES;
				CLANG_WARN_ENUM_CONVERSION = YES;
				CLANG_WARN_INFINITE_RECURSION = YES;
				CLANG_WARN_INT_CONVERSION = YES;
				CLANG_WARN_OBJC_ROOT_CLASS = YES_ERROR;
				CLANG_WARN_SUSPICIOUS_MOVE = YES;
				CLANG_WARN_UNREACHABLE_CODE = YES;
				CLANG_WARN__DUPLICATE_METHOD_MATCH = YES;
				CONFIGURATION_BUILD_DIR = "$(SRCROOT)/uexAliPay";
				COPY_PHASE_STRIP = YES;
				ENABLE_NS_ASSERTIONS = NO;
				ENABLE_STRICT_OBJC_MSGSEND = YES;
				GCC_C_LANGUAGE_STANDARD = gnu99;
				GCC_NO_COMMON_BLOCKS = YES;
				GCC_WARN_64_TO_32_BIT_CONVERSION = YES;
				GCC_WARN_ABOUT_RETURN_TYPE = YES_ERROR;
				GCC_WARN_UNDECLARED_SELECTOR = YES;
				GCC_WARN_UNINITIALIZED_AUTOS = YES_AGGRESSIVE;
				GCC_WARN_UNUSED_FUNCTION = YES;
				GCC_WARN_UNUSED_VARIABLE = YES;
				HEADER_SEARCH_PATHS = "$(SRCROOT)/EUExAliPay/";
				IPHONEOS_DEPLOYMENT_TARGET = 8.0;
				LIBRARY_SEARCH_PATHS = "";
				MTL_ENABLE_DEBUG_INFO = NO;
				PRODUCT_NAME = uexAliPay;
				SDKROOT = iphoneos;
				VALIDATE_PRODUCT = YES;
				VALID_ARCHS = "arm64 armv7s armv7";
			};
			name = Release;
		};
		F7D4D02E1A70E704007BC1C8 /* Debug */ = {
			isa = XCBuildConfiguration;
			buildSettings = {
				CLANG_ENABLE_OBJC_ARC = YES;
				FRAMEWORK_SEARCH_PATHS = (
					"$(inherited)",
					"$(PROJECT_DIR)/EUExAliPay/sourceCode",
				);
				HEADER_SEARCH_PATHS = "$(SRCROOT)/EUExAliPay/";
				LIBRARY_SEARCH_PATHS = (
					"$(inherited)",
					"$(PROJECT_DIR)/EUExAliPay/sourceCode/AliPay",
					"$(PROJECT_DIR)/EUExAliPay/sourceCode",
				);
				ONLY_ACTIVE_ARCH = NO;
				OTHER_LDFLAGS = "-ObjC";
				PRODUCT_NAME = uexAliPay;
				SKIP_INSTALL = YES;
				VALID_ARCHS = "arm64 armv7";
			};
			name = Debug;
		};
		F7D4D02F1A70E704007BC1C8 /* Release */ = {
			isa = XCBuildConfiguration;
			buildSettings = {
				CLANG_ENABLE_OBJC_ARC = YES;
				FRAMEWORK_SEARCH_PATHS = (
					"$(inherited)",
					"$(PROJECT_DIR)/EUExAliPay/sourceCode",
				);
				HEADER_SEARCH_PATHS = "$(SRCROOT)/EUExAliPay/";
				LIBRARY_SEARCH_PATHS = (
					"$(inherited)",
					"$(PROJECT_DIR)/EUExAliPay/sourceCode/AliPay",
					"$(PROJECT_DIR)/EUExAliPay/sourceCode",
				);
				OTHER_LDFLAGS = "-ObjC";
				PRODUCT_NAME = uexAliPay;
				SKIP_INSTALL = YES;
				VALID_ARCHS = "arm64 armv7";
			};
			name = Release;
		};
/* End XCBuildConfiguration section */

/* Begin XCConfigurationList section */
		F7D4D0141A70E704007BC1C8 /* Build configuration list for PBXProject "EUExAliPay" */ = {
			isa = XCConfigurationList;
			buildConfigurations = (
				F7D4D02B1A70E704007BC1C8 /* Debug */,
				F7D4D02C1A70E704007BC1C8 /* Release */,
			);
			defaultConfigurationIsVisible = 0;
			defaultConfigurationName = Release;
		};
		F7D4D02D1A70E704007BC1C8 /* Build configuration list for PBXNativeTarget "EUExAliPay" */ = {
			isa = XCConfigurationList;
			buildConfigurations = (
				F7D4D02E1A70E704007BC1C8 /* Debug */,
				F7D4D02F1A70E704007BC1C8 /* Release */,
			);
			defaultConfigurationIsVisible = 0;
			defaultConfigurationName = Release;
		};
/* End XCConfigurationList section */
	};
	rootObject = F7D4D0111A70E704007BC1C8 /* Project object */;
}
